
Microsoft Visual Studio Solution File, Format Version 12.00
# Visual Studio Version 16
VisualStudioVersion = 16.0.31702.278
MinimumVisualStudioVersion = 10.0.40219.1
Project("{FAE04EC0-301F-11D3-BF4B-00C04F79EFBC}") = "BookingTravel", "BookingTravel\BookingTravel.csproj", "{0B52CDF0-5D0B-4C5B-8434-55557FB3A7B5}"
EndProject
Global
	GlobalSection(SolutionConfigurationPlatforms) = preSolution
		Debug|Any CPU = Debug|Any CPU
		Release|Any CPU = Release|Any CPU
	EndGlobalSection
	GlobalSection(ProjectConfigurationPlatforms) = postSolution
		{0B52CDF0-5D0B-4C5B-8434-55557FB3A7B5}.Debug|Any CPU.ActiveCfg = Debug|Any CPU
		{0B52CDF0-5D0B-4C5B-8434-55557FB3A7B5}.Debug|Any CPU.Build.0 = Debug|Any CPU
		{0B52CDF0-5D0B-4C5B-8434-55557FB3A7B5}.Release|Any CPU.ActiveCfg = Release|Any CPU
		{0B52CDF0-5D0B-4C5B-8434-55557FB3A7B5}.Release|Any CPU.Build.0 = Release|Any CPU
	EndGlobalSection
	GlobalSection(SolutionProperties) = preSolution
		HideSolutionNode = FALSE
	EndGlobalSection
	GlobalSection(ExtensibilityGlobals) = postSolution
		SolutionGuid = {8A356EA1-99BD-4D01-B1AF-F984EB5AE797}
	EndGlobalSection
EndGlobal
